// !$*UTF8*$!
{
	archiveVersion = 1;
	classes = {
	};
	objectVersion = 77;
	objects = {

/* Begin PBXContainerItemProxy section */
		0CAD2FBA2DFF3E1000F37F3A /* PBXContainerItemProxy */ = {
			isa = PBXContainerItemProxy;
			containerPortal = 0CAD2F9F2DFF3E0E00F37F3A /* Project object */;
			proxyType = 1;
			remoteGlobalIDString = 0CAD2FA62DFF3E0E00F37F3A;
			remoteInfo = "ios-pokedex";
		};
		0CAD2FC42DFF3E1000F37F3A /* PBXContainerItemProxy */ = {
			isa = PBXContainerItemProxy;
			containerPortal = 0CAD2F9F2DFF3E0E00F37F3A /* Project object */;
			proxyType = 1;
			remoteGlobalIDString = 0CAD2FA62DFF3E0E00F37F3A;
			remoteInfo = "ios-pokedex";
		};
/* End PBXContainerItemProxy section */

/* Begin PBXFileReference section */
		0CAD2FA72DFF3E0E00F37F3A /* ios-pokedex.app */ = {isa = PBXFileReference; explicitFileType = wrapper.application; includeInIndex = 0; path = "ios-pokedex.app"; sourceTree = BUILT_PRODUCTS_DIR; };
		0CAD2FB92DFF3E1000F37F3A /* ios-pokedexTests.xctest */ = {isa = PBXFileReference; explicitFileType = wrapper.cfbundle; includeInIndex = 0; path = "ios-pokedexTests.xctest"; sourceTree = BUILT_PRODUCTS_DIR; };
		0CAD2FC32DFF3E1000F37F3A /* ios-pokedexUITests.xctest */ = {isa = PBXFileReference; explicitFileType = wrapper.cfbundle; includeInIndex = 0; path = "ios-pokedexUITests.xctest"; sourceTree = BUILT_PRODUCTS_DIR; };
/* End PBXFileReference section */

/* Begin PBXFileSystemSynchronizedRootGroup section */
		0CAD2FA92DFF3E0E00F37F3A /* ios-pokedex */ = {
			isa = PBXFileSystemSynchronizedRootGroup;
			path = "ios-pokedex";
			sourceTree = "<group>";
		};
		0CAD2FBC2DFF3E1000F37F3A /* ios-pokedexTests */ = {
			isa = PBXFileSystemSynchronizedRootGroup;
			path = "ios-pokedexTests";
			sourceTree = "<group>";
		};
		0CAD2FC62DFF3E1000F37F3A /* ios-pokedexUITests */ = {
			isa = PBXFileSystemSynchronizedRootGroup;
			path = "ios-pokedexUITests";
			sourceTree = "<group>";
		};
/* End PBXFileSystemSynchronizedRootGroup section */

/* Begin PBXFrameworksBuildPhase section */
		0CAD2FA42DFF3E0E00F37F3A /* Frameworks */ = {
			isa = PBXFrameworksBuildPhase;
			buildActionMask = 2147483647;
			files = (
			);
			runOnlyForDeploymentPostprocessing = 0;
		};
		0CAD2FB62DFF3E1000F37F3A /* Frameworks */ = {
			isa = PBXFrameworksBuildPhase;
			buildActionMask = 2147483647;
			files = (
			);
			runOnlyForDeploymentPostprocessing = 0;
		};
		0CAD2FC02DFF3E1000F37F3A /* Frameworks */ = {
			isa = PBXFrameworksBuildPhase;
			buildActionMask = 2147483647;
			files = (
			);
			runOnlyForDeploymentPostprocessing = 0;
		};
/* End PBXFrameworksBuildPhase section */

/* Begin PBXGroup section */
		0CAD2F9E2DFF3E0E00F37F3A = {
			isa = PBXGroup;
			children = (
				0CAD2FA92DFF3E0E00F37F3A /* ios-pokedex */,
				0CAD2FBC2DFF3E1000F37F3A /* ios-pokedexTests */,
				0CAD2FC62DFF3E1000F37F3A /* ios-pokedexUITests */,
				0CAD2FA82DFF3E0E00F37F3A /* Products */,
			);
			sourceTree = "<group>";
		};
		0CAD2FA82DFF3E0E00F37F3A /* Products */ = {
			isa = PBXGroup;
			children = (
				0CAD2FA72DFF3E0E00F37F3A /* ios-pokedex.app */,
				0CAD2FB92DFF3E1000F37F3A /* ios-pokedexTests.xctest */,
				0CAD2FC32DFF3E1000F37F3A /* ios-pokedexUITests.xctest */,
			);
			name = Products;
			sourceTree = "<group>";
		};
/* End PBXGroup section */

/* Begin PBXNativeTarget section */
		0CAD2FA62DFF3E0E00F37F3A /* ios-pokedex */ = {
			isa = PBXNativeTarget;
			buildConfigurationList = 0CAD2FCD2DFF3E1000F37F3A /* Build configuration list for PBXNativeTarget "ios-pokedex" */;
			buildPhases = (
				0CAD2FA32DFF3E0E00F37F3A /* Sources */,
				0CAD2FA42DFF3E0E00F37F3A /* Frameworks */,
				0CAD2FA52DFF3E0E00F37F3A /* Resources */,
			);
			buildRules = (
			);
			dependencies = (
			);
			fileSystemSynchronizedGroups = (
				0CAD2FA92DFF3E0E00F37F3A /* ios-pokedex */,
			);
			name = "ios-pokedex";
			packageProductDependencies = (
			);
			productName = "ios-pokedex";
			productReference = 0CAD2FA72DFF3E0E00F37F3A /* ios-pokedex.app */;
			productType = "com.apple.product-type.application";
		};
		0CAD2FB82DFF3E1000F37F3A /* ios-pokedexTests */ = {
			isa = PBXNativeTarget;
			buildConfigurationList = 0CAD2FD02DFF3E1000F37F3A /* Build configuration list for PBXNativeTarget "ios-pokedexTests" */;
			buildPhases = (
				0CAD2FB52DFF3E1000F37F3A /* Sources */,
				0CAD2FB62DFF3E1000F37F3A /* Frameworks */,
				0CAD2FB72DFF3E1000F37F3A /* Resources */,
			);
			buildRules = (
			);
			dependencies = (
				0CAD2FBB2DFF3E1000F37F3A /* PBXTargetDependency */,
			);
			fileSystemSynchronizedGroups = (
				0CAD2FBC2DFF3E1000F37F3A /* ios-pokedexTests */,
			);
			name = "ios-pokedexTests";
			packageProductDependencies = (
			);
			productName = "ios-pokedexTests";
			productReference = 0CAD2FB92DFF3E1000F37F3A /* ios-pokedexTests.xctest */;
			productType = "com.apple.product-type.bundle.unit-test";
		};
		0CAD2FC22DFF3E1000F37F3A /* ios-pokedexUITests */ = {
			isa = PBXNativeTarget;
			buildConfigurationList = 0CAD2FD32DFF3E1000F37F3A /* Build configuration list for PBXNativeTarget "ios-pokedexUITests" */;
			buildPhases = (
				0CAD2FBF2DFF3E1000F37F3A /* Sources */,
				0CAD2FC02DFF3E1000F37F3A /* Frameworks */,
				0CAD2FC12DFF3E1000F37F3A /* Resources */,
			);
			buildRules = (
			);
			dependencies = (
				0CAD2FC52DFF3E1000F37F3A /* PBXTargetDependency */,
			);
			fileSystemSynchronizedGroups = (
				0CAD2FC62DFF3E1000F37F3A /* ios-pokedexUITests */,
			);
			name = "ios-pokedexUITests";
			packageProductDependencies = (
			);
			productName = "ios-pokedexUITests";
			productReference = 0CAD2FC32DFF3E1000F37F3A /* ios-pokedexUITests.xctest */;
			productType = "com.apple.product-type.bundle.ui-testing";
		};
/* End PBXNativeTarget section */

/* Begin PBXProject section */
		0CAD2F9F2DFF3E0E00F37F3A /* Project object */ = {
			isa = PBXProject;
			attributes = {
				BuildIndependentTargetsInParallel = 1;
				LastSwiftUpdateCheck = 1640;
				LastUpgradeCheck = 1640;
				TargetAttributes = {
					0CAD2FA62DFF3E0E00F37F3A = {
						CreatedOnToolsVersion = 16.4;
					};
					0CAD2FB82DFF3E1000F37F3A = {
						CreatedOnToolsVersion = 16.4;
						TestTargetID = 0CAD2FA62DFF3E0E00F37F3A;
					};
					0CAD2FC22DFF3E1000F37F3A = {
						CreatedOnToolsVersion = 16.4;
						TestTargetID = 0CAD2FA62DFF3E0E00F37F3A;
					};
				};
			};
			buildConfigurationList = 0CAD2FA22DFF3E0E00F37F3A /* Build configuration list for PBXProject "ios-pokedex" */;
			developmentRegion = en;
			hasScannedForEncodings = 0;
			knownRegions = (
				en,
				Base,
			);
			mainGroup = 0CAD2F9E2DFF3E0E00F37F3A;
			minimizedProjectReferenceProxies = 1;
			preferredProjectObjectVersion = 77;
			productRefGroup = 0CAD2FA82DFF3E0E00F37F3A /* Products */;
			projectDirPath = "";
			projectRoot = "";
			targets = (
				0CAD2FA62DFF3E0E00F37F3A /* ios-pokedex */,
				0CAD2FB82DFF3E1000F37F3A /* ios-pokedexTests */,
				0CAD2FC22DFF3E1000F37F3A /* ios-pokedexUITests */,
			);
		};
/* End PBXProject section */

/* Begin PBXResourcesBuildPhase section */
		0CAD2FA52DFF3E0E00F37F3A /* Resources */ = {
			isa = PBXResourcesBuildPhase;
			buildActionMask = 2147483647;
			files = (
			);
			runOnlyForDeploymentPostprocessing = 0;
		};
		0CAD2FB72DFF3E1000F37F3A /* Resources */ = {
			isa = PBXResourcesBuildPhase;
			buildActionMask = 2147483647;
			files = (
			);
			runOnlyForDeploymentPostprocessing = 0;
		};
		0CAD2FC12DFF3E1000F37F3A /* Resources */ = {
			isa = PBXResourcesBuildPhase;
			buildActionMask = 2147483647;
			files = (
			);
			runOnlyForDeploymentPostprocessing = 0;
		};
/* End PBXResourcesBuildPhase section */

/* Begin PBXSourcesBuildPhase section */
		0CAD2FA32DFF3E0E00F37F3A /* Sources */ = {
			isa = PBXSourcesBuildPhase;
			buildActionMask = 2147483647;
			files = (
			);
			runOnlyForDeploymentPostprocessing = 0;
		};
		0CAD2FB52DFF3E1000F37F3A /* Sources */ = {
			isa = PBXSourcesBuildPhase;
			buildActionMask = 2147483647;
			files = (
			);
			runOnlyForDeploymentPostprocessing = 0;
		};
		0CAD2FBF2DFF3E1000F37F3A /* Sources */ = {
			isa = PBXSourcesBuildPhase;
			buildActionMask = 2147483647;
			files = (
			);
			runOnlyForDeploymentPostprocessing = 0;
		};
/* End PBXSourcesBuildPhase section */

/* Begin PBXTargetDependency section */
		0CAD2FBB2DFF3E1000F37F3A /* PBXTargetDependency */ = {
			isa = PBXTargetDependency;
			target = 0CAD2FA62DFF3E0E00F37F3A /* ios-pokedex */;
			targetProxy = 0CAD2FBA2DFF3E1000F37F3A /* PBXContainerItemProxy */;
		};
		0CAD2FC52DFF3E1000F37F3A /* PBXTargetDependency */ = {
			isa = PBXTargetDependency;
			target = 0CAD2FA62DFF3E0E00F37F3A /* ios-pokedex */;
			targetProxy = 0CAD2FC42DFF3E1000F37F3A /* PBXContainerItemProxy */;
		};
/* End PBXTargetDependency section */

/* Begin XCBuildConfiguration section */
		0CAD2FCB2DFF3E1000F37F3A /* Debug */ = {
			isa = XCBuildConfiguration;
			buildSettings = {
				ALWAYS_SEARCH_USER_PATHS = NO;
				ASSETCATALOG_COMPILER_GENERATE_SWIFT_ASSET_SYMBOL_EXTENSIONS = YES;
				CLANG_ANALYZER_NONNULL = YES;
				CLANG_ANALYZER_NUMBER_OBJECT_CONVERSION = YES_AGGRESSIVE;
				CLANG_CXX_LANGUAGE_STANDARD = "gnu++20";
				CLANG_ENABLE_MODULES = YES;
				CLANG_ENABLE_OBJC_ARC = YES;
				CLANG_ENABLE_OBJC_WEAK = YES;
				CLANG_WARN_BLOCK_CAPTURE_AUTORELEASING = YES;
				CLANG_WARN_BOOL_CONVERSION = YES;
				CLANG_WARN_COMMA = YES;
				CLANG_WARN_CONSTANT_CONVERSION = YES;
				CLANG_WARN_DEPRECATED_OBJC_IMPLEMENTATIONS = YES;
				CLANG_WARN_DIRECT_OBJC_ISA_USAGE = YES_ERROR;
				CLANG_WARN_DOCUMENTATION_COMMENTS = YES;
				CLANG_WARN_EMPTY_BODY = YES;
				CLANG_WARN_ENUM_CONVERSION = YES;
				CLANG_WARN_INFINITE_RECURSION = YES;
				CLANG_WARN_INT_CONVERSION = YES;
				CLANG_WARN_NON_LITERAL_NULL_CONVERSION = YES;
				CLANG_WARN_OBJC_IMPLICIT_RETAIN_SELF = YES;
				CLANG_WARN_OBJC_LITERAL_CONVERSION = YES;
				CLANG_WARN_OBJC_ROOT_CLASS = YES_ERROR;
				CLANG_WARN_QUOTED_INCLUDE_IN_FRAMEWORK_HEADER = YES;
				CLANG_WARN_RANGE_LOOP_ANALYSIS = YES;
				CLANG_WARN_STRICT_PROTOTYPES = YES;
				CLANG_WARN_SUSPICIOUS_MOVE = YES;
				CLANG_WARN_UNGUARDED_AVAILABILITY = YES_AGGRESSIVE;
				CLANG_WARN_UNREACHABLE_CODE = YES;
				CLANG_WARN__DUPLICATE_METHOD_MATCH = YES;
				COPY_PHASE_STRIP = NO;
				DEBUG_INFORMATION_FORMAT = dwarf;
				DEVELOPMENT_TEAM = TSAD4HKKQ3;
				ENABLE_STRICT_OBJC_MSGSEND = YES;
				ENABLE_TESTABILITY = YES;
				ENABLE_USER_SCRIPT_SANDBOXING = YES;
				GCC_C_LANGUAGE_STANDARD = gnu17;
				GCC_DYNAMIC_NO_PIC = NO;
				GCC_NO_COMMON_BLOCKS = YES;
				GCC_OPTIMIZATION_LEVEL = 0;
				GCC_PREPROCESSOR_DEFINITIONS = (
					"DEBUG=1",
					"$(inherited)",
				);
				GCC_WARN_64_TO_32_BIT_CONVERSION = YES;
				GCC_WARN_ABOUT_RETURN_TYPE = YES_ERROR;
				GCC_WARN_UNDECLARED_SELECTOR = YES;
				GCC_WARN_UNINITIALIZED_AUTOS = YES_AGGRESSIVE;
				GCC_WARN_UNUSED_FUNCTION = YES;
				GCC_WARN_UNUSED_VARIABLE = YES;
				IPHONEOS_DEPLOYMENT_TARGET = 18.5;
				LOCALIZATION_PREFERS_STRING_CATALOGS = YES;
				MTL_ENABLE_DEBUG_INFO = INCLUDE_SOURCE;
				MTL_FAST_MATH = YES;
				ONLY_ACTIVE_ARCH = YES;
				SDKROOT = iphoneos;
				SWIFT_ACTIVE_COMPILATION_CONDITIONS = "DEBUG $(inherited)";
				SWIFT_OPTIMIZATION_LEVEL = "-Onone";
			};
			name = Debug;
		};
		0CAD2FCC2DFF3E1000F37F3A /* Release */ = {
			isa = XCBuildConfiguration;
			buildSettings = {
				ALWAYS_SEARCH_USER_PATHS = NO;
				ASSETCATALOG_COMPILER_GENERATE_SWIFT_ASSET_SYMBOL_EXTENSIONS = YES;
				CLANG_ANALYZER_NONNULL = YES;
				CLANG_ANALYZER_NUMBER_OBJECT_CONVERSION = YES_AGGRESSIVE;
				CLANG_CXX_LANGUAGE_STANDARD = "gnu++20";
				CLANG_ENABLE_MODULES = YES;
				CLANG_ENABLE_OBJC_ARC = YES;
				CLANG_ENABLE_OBJC_WEAK = YES;
				CLANG_WARN_BLOCK_CAPTURE_AUTORELEASING = YES;
				CLANG_WARN_BOOL_CONVERSION = YES;
				CLANG_WARN_COMMA = YES;
				CLANG_WARN_CONSTANT_CONVERSION = YES;
				CLANG_WARN_DEPRECATED_OBJC_IMPLEMENTATIONS = YES;
				CLANG_WARN_DIRECT_OBJC_ISA_USAGE = YES_ERROR;
				CLANG_WARN_DOCUMENTATION_COMMENTS = YES;
				CLANG_WARN_EMPTY_BODY = YES;
				CLANG_WARN_ENUM_CONVERSION = YES;
				CLANG_WARN_INFINITE_RECURSION = YES;
				CLANG_WARN_INT_CONVERSION = YES;
				CLANG_WARN_NON_LITERAL_NULL_CONVERSION = YES;
				CLANG_WARN_OBJC_IMPLICIT_RETAIN_SELF = YES;
				CLANG_WARN_OBJC_LITERAL_CONVERSION = YES;
				CLANG_WARN_OBJC_ROOT_CLASS = YES_ERROR;
				CLANG_WARN_QUOTED_INCLUDE_IN_FRAMEWORK_HEADER = YES;
				CLANG_WARN_RANGE_LOOP_ANALYSIS = YES;
				CLANG_WARN_STRICT_PROTOTYPES = YES;
				CLANG_WARN_SUSPICIOUS_MOVE = YES;
				CLANG_WARN_UNGUARDED_AVAILABILITY = YES_AGGRESSIVE;
				CLANG_WARN_UNREACHABLE_CODE = YES;
				CLANG_WARN__DUPLICATE_METHOD_MATCH = YES;
				COPY_PHASE_STRIP = NO;
				DEBUG_INFORMATION_FORMAT = "dwarf-with-dsym";
				DEVELOPMENT_TEAM = TSAD4HKKQ3;
				ENABLE_NS_ASSERTIONS = NO;
				ENABLE_STRICT_OBJC_MSGSEND = YES;
				ENABLE_USER_SCRIPT_SANDBOXING = YES;
				GCC_C_LANGUAGE_STANDARD = gnu17;
				GCC_NO_COMMON_BLOCKS = YES;
				GCC_WARN_64_TO_32_BIT_CONVERSION = YES;
				GCC_WARN_ABOUT_RETURN_TYPE = YES_ERROR;
				GCC_WARN_UNDECLARED_SELECTOR = YES;
				GCC_WARN_UNINITIALIZED_AUTOS = YES_AGGRESSIVE;
				GCC_WARN_UNUSED_FUNCTION = YES;
				GCC_WARN_UNUSED_VARIABLE = YES;
				IPHONEOS_DEPLOYMENT_TARGET = 18.5;
				LOCALIZATION_PREFERS_STRING_CATALOGS = YES;
				MTL_ENABLE_DEBUG_INFO = NO;
				MTL_FAST_MATH = YES;
				SDKROOT = iphoneos;
				SWIFT_COMPILATION_MODE = wholemodule;
				VALIDATE_PRODUCT = YES;
			};
			name = Release;
		};
		0CAD2FCE2DFF3E1000F37F3A /* Debug */ = {
			isa = XCBuildConfiguration;
			buildSettings = {
				ASSETCATALOG_COMPILER_APPICON_NAME = AppIcon;
				ASSETCATALOG_COMPILER_GLOBAL_ACCENT_COLOR_NAME = AccentColor;
				CODE_SIGN_STYLE = Automatic;
				CURRENT_PROJECT_VERSION = 1;
				DEVELOPMENT_TEAM = TSAD4HKKQ3;
				ENABLE_PREVIEWS = YES;
				GENERATE_INFOPLIST_FILE = YES;
				INFOPLIST_KEY_UIApplicationSceneManifest_Generation = YES;
				INFOPLIST_KEY_UIApplicationSupportsIndirectInputEvents = YES;
				INFOPLIST_KEY_UILaunchScreen_Generation = YES;
				INFOPLIST_KEY_UISupportedInterfaceOrientations_iPad = "UIInterfaceOrientationPortrait UIInterfaceOrientationPortraitUpsideDown UIInterfaceOrientationLandscapeLeft UIInterfaceOrientationLandscapeRight";
				INFOPLIST_KEY_UISupportedInterfaceOrientations_iPhone = "UIInterfaceOrientationPortrait UIInterfaceOrientationLandscapeLeft UIInterfaceOrientationLandscapeRight";
				LD_RUNPATH_SEARCH_PATHS = (
					"$(inherited)",
					"@executable_path/Frameworks",
				);
				MARKETING_VERSION = 1.0;
				PRODUCT_BUNDLE_IDENTIFIER = "miguelmoura.ios-pokedex";
				PRODUCT_NAME = "$(TARGET_NAME)";
				SWIFT_EMIT_LOC_STRINGS = YES;
				SWIFT_VERSION = 5.0;
				TARGETED_DEVICE_FAMILY = "1,2";
			};
			name = Debug;
		};
		0CAD2FCF2DFF3E1000F37F3A /* Release */ = {
			isa = XCBuildConfiguration;
			buildSettings = {
				ASSETCATALOG_COMPILER_APPICON_NAME = AppIcon;
				ASSETCATALOG_COMPILER_GLOBAL_ACCENT_COLOR_NAME = AccentColor;
				CODE_SIGN_STYLE = Automatic;
				CURRENT_PROJECT_VERSION = 1;
				DEVELOPMENT_TEAM = TSAD4HKKQ3;
				ENABLE_PREVIEWS = YES;
				GENERATE_INFOPLIST_FILE = YES;
				INFOPLIST_KEY_UIApplicationSceneManifest_Generation = YES;
				INFOPLIST_KEY_UIApplicationSupportsIndirectInputEvents = YES;
				INFOPLIST_KEY_UILaunchScreen_Generation = YES;
				INFOPLIST_KEY_UISupportedInterfaceOrientations_iPad = "UIInterfaceOrientationPortrait UIInterfaceOrientationPortraitUpsideDown UIInterfaceOrientationLandscapeLeft UIInterfaceOrientationLandscapeRight";
				INFOPLIST_KEY_UISupportedInterfaceOrientations_iPhone = "UIInterfaceOrientationPortrait UIInterfaceOrientationLandscapeLeft UIInterfaceOrientationLandscapeRight";
				LD_RUNPATH_SEARCH_PATHS = (
					"$(inherited)",
					"@executable_path/Frameworks",
				);
				MARKETING_VERSION = 1.0;
				PRODUCT_BUNDLE_IDENTIFIER = "miguelmoura.ios-pokedex";
				PRODUCT_NAME = "$(TARGET_NAME)";
				SWIFT_EMIT_LOC_STRINGS = YES;
				SWIFT_VERSION = 5.0;
				TARGETED_DEVICE_FAMILY = "1,2";
			};
			name = Release;
		};
		0CAD2FD12DFF3E1000F37F3A /* Debug */ = {
			isa = XCBuildConfiguration;
			buildSettings = {
				BUNDLE_LOADER = "$(TEST_HOST)";
				CODE_SIGN_STYLE = Automatic;
				CURRENT_PROJECT_VERSION = 1;
				DEVELOPMENT_TEAM = TSAD4HKKQ3;
				GENERATE_INFOPLIST_FILE = YES;
				IPHONEOS_DEPLOYMENT_TARGET = 18.5;
				MARKETING_VERSION = 1.0;
				PRODUCT_BUNDLE_IDENTIFIER = "miguelmoura.ios-pokedexTests";
				PRODUCT_NAME = "$(TARGET_NAME)";
				SWIFT_EMIT_LOC_STRINGS = NO;
				SWIFT_VERSION = 5.0;
				TARGETED_DEVICE_FAMILY = "1,2";
				TEST_HOST = "$(BUILT_PRODUCTS_DIR)/ios-pokedex.app/$(BUNDLE_EXECUTABLE_FOLDER_PATH)/ios-pokedex";
			};
			name = Debug;
		};
		0CAD2FD22DFF3E1000F37F3A /* Release */ = {
			isa = XCBuildConfiguration;
			buildSettings = {
				BUNDLE_LOADER = "$(TEST_HOST)";
				CODE_SIGN_STYLE = Automatic;
				CURRENT_PROJECT_VERSION = 1;
				DEVELOPMENT_TEAM = TSAD4HKKQ3;
				GENERATE_INFOPLIST_FILE = YES;
				IPHONEOS_DEPLOYMENT_TARGET = 18.5;
				MARKETING_VERSION = 1.0;
				PRODUCT_BUNDLE_IDENTIFIER = "miguelmoura.ios-pokedexTests";
				PRODUCT_NAME = "$(TARGET_NAME)";
				SWIFT_EMIT_LOC_STRINGS = NO;
				SWIFT_VERSION = 5.0;
				TARGETED_DEVICE_FAMILY = "1,2";
				TEST_HOST = "$(BUILT_PRODUCTS_DIR)/ios-pokedex.app/$(BUNDLE_EXECUTABLE_FOLDER_PATH)/ios-pokedex";
			};
			name = Release;
		};
		0CAD2FD42DFF3E1000F37F3A /* Debug */ = {
			isa = XCBuildConfiguration;
			buildSettings = {
				CODE_SIGN_STYLE = Automatic;
				CURRENT_PROJECT_VERSION = 1;
				DEVELOPMENT_TEAM = TSAD4HKKQ3;
				GENERATE_INFOPLIST_FILE = YES;
				MARKETING_VERSION = 1.0;
				PRODUCT_BUNDLE_IDENTIFIER = "miguelmoura.ios-pokedexUITests";
				PRODUCT_NAME = "$(TARGET_NAME)";
				SWIFT_EMIT_LOC_STRINGS = NO;
				SWIFT_VERSION = 5.0;
				TARGETED_DEVICE_FAMILY = "1,2";
				TEST_TARGET_NAME = "ios-pokedex";
			};
			name = Debug;
		};
		0CAD2FD52DFF3E1000F37F3A /* Release */ = {
			isa = XCBuildConfiguration;
			buildSettings = {
				CODE_SIGN_STYLE = Automatic;
				CURRENT_PROJECT_VERSION = 1;
				DEVELOPMENT_TEAM = TSAD4HKKQ3;
				GENERATE_INFOPLIST_FILE = YES;
				MARKETING_VERSION = 1.0;
				PRODUCT_BUNDLE_IDENTIFIER = "miguelmoura.ios-pokedexUITests";
				PRODUCT_NAME = "$(TARGET_NAME)";
				SWIFT_EMIT_LOC_STRINGS = NO;
				SWIFT_VERSION = 5.0;
				TARGETED_DEVICE_FAMILY = "1,2";
				TEST_TARGET_NAME = "ios-pokedex";
			};
			name = Release;
		};
/* End XCBuildConfiguration section */

/* Begin XCConfigurationList section */
		0CAD2FA22DFF3E0E00F37F3A /* Build configuration list for PBXProject "ios-pokedex" */ = {
			isa = XCConfigurationList;
			buildConfigurations = (
				0CAD2FCB2DFF3E1000F37F3A /* Debug */,
				0CAD2FCC2DFF3E1000F37F3A /* Release */,
			);
			defaultConfigurationIsVisible = 0;
			defaultConfigurationName = Release;
		};
		0CAD2FCD2DFF3E1000F37F3A /* Build configuration list for PBXNativeTarget "ios-pokedex" */ = {
			isa = XCConfigurationList;
			buildConfigurations = (
				0CAD2FCE2DFF3E1000F37F3A /* Debug */,
				0CAD2FCF2DFF3E1000F37F3A /* Release */,
			);
			defaultConfigurationIsVisible = 0;
			defaultConfigurationName = Release;
		};
		0CAD2FD02DFF3E1000F37F3A /* Build configuration list for PBXNativeTarget "ios-pokedexTests" */ = {
			isa = XCConfigurationList;
			buildConfigurations = (
				0CAD2FD12DFF3E1000F37F3A /* Debug */,
				0CAD2FD22DFF3E1000F37F3A /* Release */,
			);
			defaultConfigurationIsVisible = 0;
			defaultConfigurationName = Release;
		};
		0CAD2FD32DFF3E1000F37F3A /* Build configuration list for PBXNativeTarget "ios-pokedexUITests" */ = {
			isa = XCConfigurationList;
			buildConfigurations = (
				0CAD2FD42DFF3E1000F37F3A /* Debug */,
				0CAD2FD52DFF3E1000F37F3A /* Release */,
			);
			defaultConfigurationIsVisible = 0;
			defaultConfigurationName = Release;
		};
/* End XCConfigurationList section */
	};
	rootObject = 0CAD2F9F2DFF3E0E00F37F3A /* Project object */;
}
